
Microsoft Visual Studio Solution File, Format Version 12.00
# Visual Studio 2013
VisualStudioVersion = 12.0.31101.0
MinimumVisualStudioVersion = 10.0.40219.1
Project("{2150E333-8FDC-42A3-9474-1A3956D46DE8}") = "Config", "Config", "{AEE1C181-C931-4D70-85B8-0CD331D92CFF}"
	ProjectSection(SolutionItems) = preProject
		MetaModel.xml = MetaModel.xml
		Codge.Generator.Test\TestStore\XsdLoader\LoadXsd\Test.xsd = Codge.Generator.Test\TestStore\XsdLoader\LoadXsd\Test.xsd
		Generated\TestModel.xml = Generated\TestModel.xml
	EndProjectSection
EndProject
Project("{2150E333-8FDC-42A3-9474-1A3956D46DE8}") = "Models", "Models", "{799AED33-8B99-44A1-90CC-155142CD6EA0}"
EndProject
Project("{2150E333-8FDC-42A3-9474-1A3956D46DE8}") = "Basic", "Basic", "{DE4A3593-9813-4A7A-A793-C97709B7B84C}"
EndProject
Project("{2150E333-8FDC-42A3-9474-1A3956D46DE8}") = "CS", "CS", "{596B7F2F-0F9A-4AAA-8ABD-9206A76E40B6}"
EndProject
Project("{2150E333-8FDC-42A3-9474-1A3956D46DE8}") = "CPP", "CPP", "{E8386D3D-DDAA-4807-AF72-9F1EED145648}"
EndProject
Project("{2150E333-8FDC-42A3-9474-1A3956D46DE8}") = "JAVA", "JAVA", "{A90DD2AD-2C38-4135-9BFE-69348942481E}"
EndProject
Project("{2150E333-8FDC-42A3-9474-1A3956D46DE8}") = "Generated", "Generated", "{D2CCE41F-D405-4BD2-A716-0335E590F90B}"
EndProject
Project("{2150E333-8FDC-42A3-9474-1A3956D46DE8}") = "CS", "CS", "{21119BA0-1F92-4103-AD7C-3A9558CA96B6}"
EndProject
Project("{2150E333-8FDC-42A3-9474-1A3956D46DE8}") = "CPP", "CPP", "{08F850D5-C661-4D43-ADE8-4F6F44CF148B}"
EndProject
Project("{2150E333-8FDC-42A3-9474-1A3956D46DE8}") = "JAVA", "JAVA", "{C37ADB7A-485C-4A09-A9B0-8B648C1C8F09}"
EndProject
Project("{FAE04EC0-301F-11D3-BF4B-00C04F79EFBC}") = "BasicModel_CS", "Generated\CS\BasicModel_CS.csproj", "{44778CBD-F88F-4CC1-B0B1-EFF8637CDCC9}"
EndProject
Project("{FAE04EC0-301F-11D3-BF4B-00C04F79EFBC}") = "BasicModel_CS_Test", "BasicModel_CS_Test\BasicModel_CS_Test.csproj", "{29EF437D-68F7-4740-8D95-65B88D6AFDEA}"
EndProject
Project("{FAE04EC0-301F-11D3-BF4B-00C04F79EFBC}") = "Codge.DataModel", "Codge.DataModel\Codge.DataModel.csproj", "{2AFFFC73-87D8-4743-96DD-0F6CF1710791}"
EndProject
Project("{FAE04EC0-301F-11D3-BF4B-00C04F79EFBC}") = "Codge.Generator", "Codge.Generator\Codge.Generator.csproj", "{33C5683D-8E50-43D9-92C8-F764D642630A}"
EndProject
Project("{FAE04EC0-301F-11D3-BF4B-00C04F79EFBC}") = "Codge.Generator.Test", "Codge.Generator.Test\Codge.Generator.Test.csproj", "{2F5F9828-33C9-43CA-8AAB-F7D8F3349E1A}"
EndProject
Project("{FAE04EC0-301F-11D3-BF4B-00C04F79EFBC}") = "Codge.Console", "Codge.Console\Codge.Console.csproj", "{20D3E344-EAAE-4498-98F1-B0BA3E860F20}"
EndProject
Project("{FAE04EC0-301F-11D3-BF4B-00C04F79EFBC}") = "Codge.BasicModel.Templates.CS", "Models\Basic\CS\BasicModel.Templates\Codge.BasicModel.Templates.CS.csproj", "{734BC941-9D32-4DCE-AFCE-9FDDBAD3FAB1}"
EndProject
Project("{FAE04EC0-301F-11D3-BF4B-00C04F79EFBC}") = "Codge.BasicModel.CS", "Models\Basic\CS\BasicModel.CS\Codge.BasicModel.CS.csproj", "{03057E90-B954-4875-8865-E5B03AAA7267}"
EndProject
Project("{2150E333-8FDC-42A3-9474-1A3956D46DE8}") = "CS_xsd", "CS_xsd", "{286FEB67-EAB7-4B83-A76B-2F2649188E79}"
EndProject
Project("{FAE04EC0-301F-11D3-BF4B-00C04F79EFBC}") = "BasicXsdBased", "Generated\CS_xsd\BasicXsdBased.csproj", "{1B171528-C478-4B91-A055-54E5818D30D7}"
EndProject
Project("{FAE04EC0-301F-11D3-BF4B-00C04F79EFBC}") = "Codge.ModelProcessor.Console", "Codge.ModelProcessor.Console\Codge.ModelProcessor.Console.csproj", "{76438C90-2175-40CC-9765-D8CC1B12306C}"
EndProject
Global
	GlobalSection(SolutionConfigurationPlatforms) = preSolution
		Debug|Any CPU = Debug|Any CPU
		Debug|Mixed Platforms = Debug|Mixed Platforms
		Debug|Win32 = Debug|Win32
		Release|Any CPU = Release|Any CPU
		Release|Mixed Platforms = Release|Mixed Platforms
		Release|Win32 = Release|Win32
	EndGlobalSection
	GlobalSection(ProjectConfigurationPlatforms) = postSolution
		{44778CBD-F88F-4CC1-B0B1-EFF8637CDCC9}.Debug|Any CPU.ActiveCfg = Debug|Any CPU
		{44778CBD-F88F-4CC1-B0B1-EFF8637CDCC9}.Debug|Any CPU.Build.0 = Debug|Any CPU
		{44778CBD-F88F-4CC1-B0B1-EFF8637CDCC9}.Debug|Mixed Platforms.ActiveCfg = Debug|Any CPU
		{44778CBD-F88F-4CC1-B0B1-EFF8637CDCC9}.Debug|Mixed Platforms.Build.0 = Debug|Any CPU
		{44778CBD-F88F-4CC1-B0B1-EFF8637CDCC9}.Debug|Win32.ActiveCfg = Debug|Any CPU
		{44778CBD-F88F-4CC1-B0B1-EFF8637CDCC9}.Release|Any CPU.ActiveCfg = Release|Any CPU
		{44778CBD-F88F-4CC1-B0B1-EFF8637CDCC9}.Release|Any CPU.Build.0 = Release|Any CPU
		{44778CBD-F88F-4CC1-B0B1-EFF8637CDCC9}.Release|Mixed Platforms.ActiveCfg = Release|Any CPU
		{44778CBD-F88F-4CC1-B0B1-EFF8637CDCC9}.Release|Mixed Platforms.Build.0 = Release|Any CPU
		{44778CBD-F88F-4CC1-B0B1-EFF8637CDCC9}.Release|Win32.ActiveCfg = Release|Any CPU
		{29EF437D-68F7-4740-8D95-65B88D6AFDEA}.Debug|Any CPU.ActiveCfg = Debug|Any CPU
		{29EF437D-68F7-4740-8D95-65B88D6AFDEA}.Debug|Any CPU.Build.0 = Debug|Any CPU
		{29EF437D-68F7-4740-8D95-65B88D6AFDEA}.Debug|Mixed Platforms.ActiveCfg = Debug|Any CPU
		{29EF437D-68F7-4740-8D95-65B88D6AFDEA}.Debug|Mixed Platforms.Build.0 = Debug|Any CPU
		{29EF437D-68F7-4740-8D95-65B88D6AFDEA}.Debug|Win32.ActiveCfg = Debug|Any CPU
		{29EF437D-68F7-4740-8D95-65B88D6AFDEA}.Release|Any CPU.ActiveCfg = Release|Any CPU
		{29EF437D-68F7-4740-8D95-65B88D6AFDEA}.Release|Any CPU.Build.0 = Release|Any CPU
		{29EF437D-68F7-4740-8D95-65B88D6AFDEA}.Release|Mixed Platforms.ActiveCfg = Release|Any CPU
		{29EF437D-68F7-4740-8D95-65B88D6AFDEA}.Release|Mixed Platforms.Build.0 = Release|Any CPU
		{29EF437D-68F7-4740-8D95-65B88D6AFDEA}.Release|Win32.ActiveCfg = Release|Any CPU
		{2AFFFC73-87D8-4743-96DD-0F6CF1710791}.Debug|Any CPU.ActiveCfg = Debug|Any CPU
		{2AFFFC73-87D8-4743-96DD-0F6CF1710791}.Debug|Any CPU.Build.0 = Debug|Any CPU
		{2AFFFC73-87D8-4743-96DD-0F6CF1710791}.Debug|Mixed Platforms.ActiveCfg = Debug|Any CPU
		{2AFFFC73-87D8-4743-96DD-0F6CF1710791}.Debug|Mixed Platforms.Build.0 = Debug|Any CPU
		{2AFFFC73-87D8-4743-96DD-0F6CF1710791}.Debug|Win32.ActiveCfg = Debug|Any CPU
		{2AFFFC73-87D8-4743-96DD-0F6CF1710791}.Release|Any CPU.ActiveCfg = Release|Any CPU
		{2AFFFC73-87D8-4743-96DD-0F6CF1710791}.Release|Any CPU.Build.0 = Release|Any CPU
		{2AFFFC73-87D8-4743-96DD-0F6CF1710791}.Release|Mixed Platforms.ActiveCfg = Release|Any CPU
		{2AFFFC73-87D8-4743-96DD-0F6CF1710791}.Release|Mixed Platforms.Build.0 = Release|Any CPU
		{2AFFFC73-87D8-4743-96DD-0F6CF1710791}.Release|Win32.ActiveCfg = Release|Any CPU
		{33C5683D-8E50-43D9-92C8-F764D642630A}.Debug|Any CPU.ActiveCfg = Debug|Any CPU
		{33C5683D-8E50-43D9-92C8-F764D642630A}.Debug|Any CPU.Build.0 = Debug|Any CPU
		{33C5683D-8E50-43D9-92C8-F764D642630A}.Debug|Mixed Platforms.ActiveCfg = Debug|Any CPU
		{33C5683D-8E50-43D9-92C8-F764D642630A}.Debug|Mixed Platforms.Build.0 = Debug|Any CPU
		{33C5683D-8E50-43D9-92C8-F764D642630A}.Debug|Win32.ActiveCfg = Debug|Any CPU
		{33C5683D-8E50-43D9-92C8-F764D642630A}.Release|Any CPU.ActiveCfg = Release|Any CPU
		{33C5683D-8E50-43D9-92C8-F764D642630A}.Release|Any CPU.Build.0 = Release|Any CPU
		{33C5683D-8E50-43D9-92C8-F764D642630A}.Release|Mixed Platforms.ActiveCfg = Release|Any CPU
		{33C5683D-8E50-43D9-92C8-F764D642630A}.Release|Mixed Platforms.Build.0 = Release|Any CPU
		{33C5683D-8E50-43D9-92C8-F764D642630A}.Release|Win32.ActiveCfg = Release|Any CPU
		{2F5F9828-33C9-43CA-8AAB-F7D8F3349E1A}.Debug|Any CPU.ActiveCfg = Debug|Any CPU
		{2F5F9828-33C9-43CA-8AAB-F7D8F3349E1A}.Debug|Any CPU.Build.0 = Debug|Any CPU
		{2F5F9828-33C9-43CA-8AAB-F7D8F3349E1A}.Debug|Mixed Platforms.ActiveCfg = Debug|Any CPU
		{2F5F9828-33C9-43CA-8AAB-F7D8F3349E1A}.Debug|Mixed Platforms.Build.0 = Debug|Any CPU
		{2F5F9828-33C9-43CA-8AAB-F7D8F3349E1A}.Debug|Win32.ActiveCfg = Debug|Any CPU
		{2F5F9828-33C9-43CA-8AAB-F7D8F3349E1A}.Release|Any CPU.ActiveCfg = Release|Any CPU
		{2F5F9828-33C9-43CA-8AAB-F7D8F3349E1A}.Release|Any CPU.Build.0 = Release|Any CPU
		{2F5F9828-33C9-43CA-8AAB-F7D8F3349E1A}.Release|Mixed Platforms.ActiveCfg = Release|Any CPU
		{2F5F9828-33C9-43CA-8AAB-F7D8F3349E1A}.Release|Mixed Platforms.Build.0 = Release|Any CPU
		{2F5F9828-33C9-43CA-8AAB-F7D8F3349E1A}.Release|Win32.ActiveCfg = Release|Any CPU
		{20D3E344-EAAE-4498-98F1-B0BA3E860F20}.Debug|Any CPU.ActiveCfg = Debug|Any CPU
		{20D3E344-EAAE-4498-98F1-B0BA3E860F20}.Debug|Any CPU.Build.0 = Debug|Any CPU
		{20D3E344-EAAE-4498-98F1-B0BA3E860F20}.Debug|Mixed Platforms.ActiveCfg = Debug|Any CPU
		{20D3E344-EAAE-4498-98F1-B0BA3E860F20}.Debug|Mixed Platforms.Build.0 = Debug|Any CPU
		{20D3E344-EAAE-4498-98F1-B0BA3E860F20}.Debug|Win32.ActiveCfg = Debug|Any CPU
		{20D3E344-EAAE-4498-98F1-B0BA3E860F20}.Release|Any CPU.ActiveCfg = Release|Any CPU
		{20D3E344-EAAE-4498-98F1-B0BA3E860F20}.Release|Any CPU.Build.0 = Release|Any CPU
		{20D3E344-EAAE-4498-98F1-B0BA3E860F20}.Release|Mixed Platforms.ActiveCfg = Release|Any CPU
		{20D3E344-EAAE-4498-98F1-B0BA3E860F20}.Release|Mixed Platforms.Build.0 = Release|Any CPU
		{20D3E344-EAAE-4498-98F1-B0BA3E860F20}.Release|Win32.ActiveCfg = Release|Any CPU
		{734BC941-9D32-4DCE-AFCE-9FDDBAD3FAB1}.Debug|Any CPU.ActiveCfg = Debug|Any CPU
		{734BC941-9D32-4DCE-AFCE-9FDDBAD3FAB1}.Debug|Any CPU.Build.0 = Debug|Any CPU
		{734BC941-9D32-4DCE-AFCE-9FDDBAD3FAB1}.Debug|Mixed Platforms.ActiveCfg = Debug|Any CPU
		{734BC941-9D32-4DCE-AFCE-9FDDBAD3FAB1}.Debug|Mixed Platforms.Build.0 = Debug|Any CPU
		{734BC941-9D32-4DCE-AFCE-9FDDBAD3FAB1}.Debug|Win32.ActiveCfg = Debug|Any CPU
		{734BC941-9D32-4DCE-AFCE-9FDDBAD3FAB1}.Release|Any CPU.ActiveCfg = Release|Any CPU
		{734BC941-9D32-4DCE-AFCE-9FDDBAD3FAB1}.Release|Any CPU.Build.0 = Release|Any CPU
		{734BC941-9D32-4DCE-AFCE-9FDDBAD3FAB1}.Release|Mixed Platforms.ActiveCfg = Release|Any CPU
		{734BC941-9D32-4DCE-AFCE-9FDDBAD3FAB1}.Release|Mixed Platforms.Build.0 = Release|Any CPU
		{734BC941-9D32-4DCE-AFCE-9FDDBAD3FAB1}.Release|Win32.ActiveCfg = Release|Any CPU
		{03057E90-B954-4875-8865-E5B03AAA7267}.Debug|Any CPU.ActiveCfg = Debug|Any CPU
		{03057E90-B954-4875-8865-E5B03AAA7267}.Debug|Any CPU.Build.0 = Debug|Any CPU
		{03057E90-B954-4875-8865-E5B03AAA7267}.Debug|Mixed Platforms.ActiveCfg = Debug|Any CPU
		{03057E90-B954-4875-8865-E5B03AAA7267}.Debug|Mixed Platforms.Build.0 = Debug|Any CPU
		{03057E90-B954-4875-8865-E5B03AAA7267}.Debug|Win32.ActiveCfg = Debug|Any CPU
		{03057E90-B954-4875-8865-E5B03AAA7267}.Release|Any CPU.ActiveCfg = Release|Any CPU
		{03057E90-B954-4875-8865-E5B03AAA7267}.Release|Any CPU.Build.0 = Release|Any CPU
		{03057E90-B954-4875-8865-E5B03AAA7267}.Release|Mixed Platforms.ActiveCfg = Release|Any CPU
		{03057E90-B954-4875-8865-E5B03AAA7267}.Release|Mixed Platforms.Build.0 = Release|Any CPU
		{03057E90-B954-4875-8865-E5B03AAA7267}.Release|Win32.ActiveCfg = Release|Any CPU
		{1B171528-C478-4B91-A055-54E5818D30D7}.Debug|Any CPU.ActiveCfg = Debug|Any CPU
		{1B171528-C478-4B91-A055-54E5818D30D7}.Debug|Any CPU.Build.0 = Debug|Any CPU
		{1B171528-C478-4B91-A055-54E5818D30D7}.Debug|Mixed Platforms.ActiveCfg = Debug|Any CPU
		{1B171528-C478-4B91-A055-54E5818D30D7}.Debug|Mixed Platforms.Build.0 = Debug|Any CPU
		{1B171528-C478-4B91-A055-54E5818D30D7}.Debug|Win32.ActiveCfg = Debug|Any CPU
		{1B171528-C478-4B91-A055-54E5818D30D7}.Release|Any CPU.ActiveCfg = Release|Any CPU
		{1B171528-C478-4B91-A055-54E5818D30D7}.Release|Any CPU.Build.0 = Release|Any CPU
		{1B171528-C478-4B91-A055-54E5818D30D7}.Release|Mixed Platforms.ActiveCfg = Release|Any CPU
		{1B171528-C478-4B91-A055-54E5818D30D7}.Release|Mixed Platforms.Build.0 = Release|Any CPU
		{1B171528-C478-4B91-A055-54E5818D30D7}.Release|Win32.ActiveCfg = Release|Any CPU
		{76438C90-2175-40CC-9765-D8CC1B12306C}.Debug|Any CPU.ActiveCfg = Debug|Any CPU
		{76438C90-2175-40CC-9765-D8CC1B12306C}.Debug|Any CPU.Build.0 = Debug|Any CPU
		{76438C90-2175-40CC-9765-D8CC1B12306C}.Debug|Mixed Platforms.ActiveCfg = Debug|Any CPU
		{76438C90-2175-40CC-9765-D8CC1B12306C}.Debug|Mixed Platforms.Build.0 = Debug|Any CPU
		{76438C90-2175-40CC-9765-D8CC1B12306C}.Debug|Win32.ActiveCfg = Debug|Any CPU
		{76438C90-2175-40CC-9765-D8CC1B12306C}.Release|Any CPU.ActiveCfg = Release|Any CPU
		{76438C90-2175-40CC-9765-D8CC1B12306C}.Release|Any CPU.Build.0 = Release|Any CPU
		{76438C90-2175-40CC-9765-D8CC1B12306C}.Release|Mixed Platforms.ActiveCfg = Release|Any CPU
		{76438C90-2175-40CC-9765-D8CC1B12306C}.Release|Mixed Platforms.Build.0 = Release|Any CPU
		{76438C90-2175-40CC-9765-D8CC1B12306C}.Release|Win32.ActiveCfg = Release|Any CPU
	EndGlobalSection
	GlobalSection(SolutionProperties) = preSolution
		HideSolutionNode = FALSE
	EndGlobalSection
	GlobalSection(NestedProjects) = preSolution
		{DE4A3593-9813-4A7A-A793-C97709B7B84C} = {799AED33-8B99-44A1-90CC-155142CD6EA0}
		{596B7F2F-0F9A-4AAA-8ABD-9206A76E40B6} = {DE4A3593-9813-4A7A-A793-C97709B7B84C}
		{E8386D3D-DDAA-4807-AF72-9F1EED145648} = {DE4A3593-9813-4A7A-A793-C97709B7B84C}
		{A90DD2AD-2C38-4135-9BFE-69348942481E} = {DE4A3593-9813-4A7A-A793-C97709B7B84C}
		{21119BA0-1F92-4103-AD7C-3A9558CA96B6} = {D2CCE41F-D405-4BD2-A716-0335E590F90B}
		{08F850D5-C661-4D43-ADE8-4F6F44CF148B} = {D2CCE41F-D405-4BD2-A716-0335E590F90B}
		{C37ADB7A-485C-4A09-A9B0-8B648C1C8F09} = {D2CCE41F-D405-4BD2-A716-0335E590F90B}
		{44778CBD-F88F-4CC1-B0B1-EFF8637CDCC9} = {21119BA0-1F92-4103-AD7C-3A9558CA96B6}
		{29EF437D-68F7-4740-8D95-65B88D6AFDEA} = {21119BA0-1F92-4103-AD7C-3A9558CA96B6}
		{734BC941-9D32-4DCE-AFCE-9FDDBAD3FAB1} = {596B7F2F-0F9A-4AAA-8ABD-9206A76E40B6}
		{03057E90-B954-4875-8865-E5B03AAA7267} = {596B7F2F-0F9A-4AAA-8ABD-9206A76E40B6}
		{286FEB67-EAB7-4B83-A76B-2F2649188E79} = {D2CCE41F-D405-4BD2-A716-0335E590F90B}
		{1B171528-C478-4B91-A055-54E5818D30D7} = {286FEB67-EAB7-4B83-A76B-2F2649188E79}
	EndGlobalSection
EndGlobal
